
Microsoft Visual Studio Solution File, Format Version 12.00
# Visual Studio 15
VisualStudioVersion = 15.0.28307.329
MinimumVisualStudioVersion = 10.0.40219.1
Project("{FAE04EC0-301F-11D3-BF4B-00C04F79EFBC}") = "RDPEnabler", "RDPEnabler\RDPEnabler.csproj", "{707D0D7A-CD51-4366-BF81-1794F3C4E603}"
EndProject
Global
	GlobalSection(SolutionConfigurationPlatforms) = preSolution
		Debug|Any CPU = Debug|Any CPU
		Release|Any CPU = Release|Any CPU
	EndGlobalSection
	GlobalSection(ProjectConfigurationPlatforms) = postSolution
		{707D0D7A-CD51-4366-BF81-1794F3C4E603}.Debug|Any CPU.ActiveCfg = Debug|Any CPU
		{707D0D7A-CD51-4366-BF81-1794F3C4E603}.Debug|Any CPU.Build.0 = Debug|Any CPU
		{707D0D7A-CD51-4366-BF81-1794F3C4E603}.Release|Any CPU.ActiveCfg = Release|Any CPU
		{707D0D7A-CD51-4366-BF81-1794F3C4E603}.Release|Any CPU.Build.0 = Release|Any CPU
	EndGlobalSection
	GlobalSection(SolutionProperties) = preSolution
		HideSolutionNode = FALSE
	EndGlobalSection
	GlobalSection(ExtensibilityGlobals) = postSolution
		SolutionGuid = {465D999C-159A-4BB5-9EBC-1E711D2C0271}
	EndGlobalSection
EndGlobal
